<Solution>
  <Folder Name="/Extension/">
    <Project Path="OllamaAgent.VSIX/OllamaAgent.VSIX.csproj">
      <Deploy />
    </Project>
  </Folder>
  <Folder Name="/Tests/">
    <Project Path="OllamaAgentVSTests/OllamaAgentVSTests.csproj" Id="fab999a9-87ab-4522-862e-5f4780999dc6" />
  </Folder>
</Solution>
